schema: '2.0'
stages:
  data_collection:
    cmd: python src/data/data_collection.py
    deps:
    - path: src/data/data_collection.py
      hash: md5
      md5: e0e453203a72955403182debbbc1cfe0
      size: 1906
    params:
      params.yaml:
        data_collection.test_size: 0.2
    outs:
    - path: data/raw
      hash: md5
      md5: c0c2d65c14a603e91e029fda3c344a5c.dir
      size: 522262
      nfiles: 2
  pre_processing:
    cmd: python src/data/data_prep.py
    deps:
    - path: data/raw
      hash: md5
      md5: c0c2d65c14a603e91e029fda3c344a5c.dir
      size: 522262
      nfiles: 2
    - path: src/data/data_prep.py
      hash: md5
      md5: 9135b521e35c1f99682545847ef36e8e
      size: 1838
    outs:
    - path: data/processed
      hash: md5
      md5: 50cb8001cd56bb2743fd3102227ab870.dir
      size: 546137
      nfiles: 2
  model_building:
    cmd: python src/model/model_building.py
    deps:
    - path: data/processed
      hash: md5
      md5: 50cb8001cd56bb2743fd3102227ab870.dir
      size: 546137
      nfiles: 2
    - path: src/model/model_building.py
      hash: md5
      md5: 79f47bbb4a3b0881686a84c76fa133a8
      size: 2412
    params:
      params.yaml:
        model_building.n_estimators: 1000
    outs:
    - path: models/model.pkl
      hash: md5
      md5: 801390245362c591bd3df1e31198d0f1
      size: 73674307
  model_eval:
    cmd: python src/model/model_eval.py
    deps:
    - path: models/model.pkl
      hash: md5
      md5: 801390245362c591bd3df1e31198d0f1
      size: 73674307
    - path: src/model/model_eval.py
      hash: md5
      md5: 7340cb87426238713a835d59e7359eef
      size: 2496
    outs:
    - path: reports/metrics.json
      hash: md5
      md5: b0e6188fde2921620b8f36a6ce8c500c
      size: 151
