schema: '2.0'
stages:
  data_collection:
    cmd: python src/data/data_collection.py
    deps:
    - path: src/data/data_collection.py
      hash: md5
      md5: e0e453203a72955403182debbbc1cfe0
      size: 1906
    params:
      params.yaml:
        data_collection.test_size: 0.2
    outs:
    - path: data/raw
      hash: md5
      md5: c0c2d65c14a603e91e029fda3c344a5c.dir
      size: 522262
      nfiles: 2
  pre_processing:
    cmd: python src/data/data_prep.py
    deps:
    - path: data/raw
      hash: md5
      md5: c0c2d65c14a603e91e029fda3c344a5c.dir
      size: 522262
      nfiles: 2
    - path: src/data/data_prep.py
      hash: md5
      md5: 34cfc0d144589c86cb6a1625812630be
      size: 1812
    outs:
    - path: data/processed
      hash: md5
      md5: e34c84b2d0f2a75442271cd6c5779b7c.dir
      size: 546895
      nfiles: 2
  model_building:
    cmd: python src/model/model_building.py
    deps:
    - path: data/processed
      hash: md5
      md5: e34c84b2d0f2a75442271cd6c5779b7c.dir
      size: 546895
      nfiles: 2
    - path: src/model/model_building.py
      hash: md5
      md5: e0f428e529e545ef38a603d5a3ccdf57
      size: 2405
    params:
      params.yaml:
        model_building.n_estimators: 1000
    outs:
    - path: models/model.pkl
      hash: md5
      md5: 1dffe444a60005ef8aa89fc16e6120c3
      size: 73571587
  model_eval:
    cmd: python src/model/model_eval.py
    deps:
    - path: models/model.pkl
      hash: md5
      md5: 1dffe444a60005ef8aa89fc16e6120c3
      size: 73571587
    - path: src/model/model_eval.py
      hash: md5
      md5: fb47719e24b8e9d6bad217e87e01b03b
      size: 2489
    outs:
    - path: reports/metrics.json
      hash: md5
      md5: a9f96875e652a7946d30ffe2f094375c
      size: 150
